// !$*UTF8*$!
{
	archiveVersion = 1;
	classes = {
	};
	objectVersion = 46;
	objects = {

/* Begin PBXBuildFile section */
		0954E62D1EC62632004FC03E /* LSProduct.m in Sources */ = {isa = PBXBuildFile; fileRef = 0954E62C1EC62632004FC03E /* LSProduct.m */; };
		0954E6301EC626AB004FC03E /* LSDataProvider.m in Sources */ = {isa = PBXBuildFile; fileRef = 0954E62F1EC626AB004FC03E /* LSDataProvider.m */; };
		142FDD709278509A2092A8C2 /* libPods-ShopFetch.a in Frameworks */ = {isa = PBXBuildFile; fileRef = 086EC6CE6E3A1B46DCD2EA06 /* libPods-ShopFetch.a */; };
		1F0D16091EC61DAB00EAFB58 /* main.m in Sources */ = {isa = PBXBuildFile; fileRef = 1F0D16081EC61DAB00EAFB58 /* main.m */; };
		1F0D160C1EC61DAB00EAFB58 /* AppDelegate.m in Sources */ = {isa = PBXBuildFile; fileRef = 1F0D160B1EC61DAB00EAFB58 /* AppDelegate.m */; };
		1F0D160F1EC61DAB00EAFB58 /* ViewController.m in Sources */ = {isa = PBXBuildFile; fileRef = 1F0D160E1EC61DAB00EAFB58 /* ViewController.m */; };
		1F0D16121EC61DAB00EAFB58 /* Main.storyboard in Resources */ = {isa = PBXBuildFile; fileRef = 1F0D16101EC61DAB00EAFB58 /* Main.storyboard */; };
		1F0D16141EC61DAB00EAFB58 /* Assets.xcassets in Resources */ = {isa = PBXBuildFile; fileRef = 1F0D16131EC61DAB00EAFB58 /* Assets.xcassets */; };
		1F0D16171EC61DAB00EAFB58 /* LaunchScreen.storyboard in Resources */ = {isa = PBXBuildFile; fileRef = 1F0D16151EC61DAB00EAFB58 /* LaunchScreen.storyboard */; };
		1F0D16221EC61DAB00EAFB58 /* ShopFetchTests.m in Sources */ = {isa = PBXBuildFile; fileRef = 1F0D16211EC61DAB00EAFB58 /* ShopFetchTests.m */; };
		1F0D162D1EC61DAB00EAFB58 /* ShopFetchUITests.m in Sources */ = {isa = PBXBuildFile; fileRef = 1F0D162C1EC61DAB00EAFB58 /* ShopFetchUITests.m */; };
		1F0D16401EC61E3B00EAFB58 /* ShopFetch.xcdatamodeld in Sources */ = {isa = PBXBuildFile; fileRef = 1F0D163E1EC61E3B00EAFB58 /* ShopFetch.xcdatamodeld */; };
		1F0D16461EC61F0C00EAFB58 /* LSProductEntity+CoreDataProperties.m in Sources */ = {isa = PBXBuildFile; fileRef = 1F0D16441EC61F0C00EAFB58 /* LSProductEntity+CoreDataProperties.m */; };
		1F0D164A1EC621D400EAFB58 /* LSProductCell.m in Sources */ = {isa = PBXBuildFile; fileRef = 1F0D16491EC621D400EAFB58 /* LSProductCell.m */; };
		660808B12BB789FCE252BFE6 /* libPods-ShopFetchTests.a in Frameworks */ = {isa = PBXBuildFile; fileRef = 12BAD87B6801D51FC37F62FC /* libPods-ShopFetchTests.a */; };
		E243019A3D4F38AF44C32E76 /* libPods-ShopFetchUITests.a in Frameworks */ = {isa = PBXBuildFile; fileRef = CF0B92E6F3A5B7F5FA652B1E /* libPods-ShopFetchUITests.a */; };
		FA3AD9D61EC62803009E80B7 /* apple_iphone_7_plus_128gb_silver.jpg in Resources */ = {isa = PBXBuildFile; fileRef = FA3AD9CC1EC62802009E80B7 /* apple_iphone_7_plus_128gb_silver.jpg */; };
		FA3AD9D71EC62803009E80B7 /* huawei_p10.jpg in Resources */ = {isa = PBXBuildFile; fileRef = FA3AD9CD1EC62802009E80B7 /* huawei_p10.jpg */; };
		FA3AD9D81EC62803009E80B7 /* leeco_le_max_2_4.jpg in Resources */ = {isa = PBXBuildFile; fileRef = FA3AD9CE1EC62803009E80B7 /* leeco_le_max_2_4.jpg */; };
		FA3AD9D91EC62803009E80B7 /* lenovo_pa4.jpg in Resources */ = {isa = PBXBuildFile; fileRef = FA3AD9CF1EC62803009E80B7 /* lenovo_pa4.jpg */; };
		FA3AD9DA1EC62803009E80B7 /* motorola_sm.jpg in Resources */ = {isa = PBXBuildFile; fileRef = FA3AD9D01EC62803009E80B7 /* motorola_sm.jpg */; };
		FA3AD9DB1EC62803009E80B7 /* motorola_sm4377ad1k7.jpg in Resources */ = {isa = PBXBuildFile; fileRef = FA3AD9D11EC62803009E80B7 /* motorola_sm4377ad1k7.jpg */; };
		FA3AD9DC1EC62803009E80B7 /* nous_ns_5006_rose_gold.jpg in Resources */ = {isa = PBXBuildFile; fileRef = FA3AD9D21EC62803009E80B7 /* nous_ns_5006_rose_gold.jpg */; };
		FA3AD9DD1EC62803009E80B7 /* samsung_galaxy_s7_edge_32gb.jpg in Resources */ = {isa = PBXBuildFile; fileRef = FA3AD9D31EC62803009E80B7 /* samsung_galaxy_s7_edge_32gb.jpg */; };
		FA3AD9DE1EC62803009E80B7 /* sony_xperia_xa_dual_black.jpg in Resources */ = {isa = PBXBuildFile; fileRef = FA3AD9D41EC62803009E80B7 /* sony_xperia_xa_dual_black.jpg */; };
		FA3AD9DF1EC62803009E80B7 /* zte_axon7_grey_57.jpg in Resources */ = {isa = PBXBuildFile; fileRef = FA3AD9D51EC62803009E80B7 /* zte_axon7_grey_57.jpg */; };
/* End PBXBuildFile section */

/* Begin PBXContainerItemProxy section */
		1F0D161E1EC61DAB00EAFB58 /* PBXContainerItemProxy */ = {
			isa = PBXContainerItemProxy;
			containerPortal = 1F0D15FC1EC61DAB00EAFB58 /* Project object */;
			proxyType = 1;
			remoteGlobalIDString = 1F0D16031EC61DAB00EAFB58;
			remoteInfo = ShopFetch;
		};
		1F0D16291EC61DAB00EAFB58 /* PBXContainerItemProxy */ = {
			isa = PBXContainerItemProxy;
			containerPortal = 1F0D15FC1EC61DAB00EAFB58 /* Project object */;
			proxyType = 1;
			remoteGlobalIDString = 1F0D16031EC61DAB00EAFB58;
			remoteInfo = ShopFetch;
		};
/* End PBXContainerItemProxy section */

/* Begin PBXFileReference section */
		086EC6CE6E3A1B46DCD2EA06 /* libPods-ShopFetch.a */ = {isa = PBXFileReference; explicitFileType = archive.ar; includeInIndex = 0; path = "libPods-ShopFetch.a"; sourceTree = BUILT_PRODUCTS_DIR; };
		0954E62B1EC62632004FC03E /* LSProduct.h */ = {isa = PBXFileReference; fileEncoding = 4; lastKnownFileType = sourcecode.c.h; path = LSProduct.h; sourceTree = "<group>"; };
		0954E62C1EC62632004FC03E /* LSProduct.m */ = {isa = PBXFileReference; fileEncoding = 4; lastKnownFileType = sourcecode.c.objc; path = LSProduct.m; sourceTree = "<group>"; };
		0954E62E1EC626AB004FC03E /* LSDataProvider.h */ = {isa = PBXFileReference; fileEncoding = 4; lastKnownFileType = sourcecode.c.h; path = LSDataProvider.h; sourceTree = "<group>"; };
		0954E62F1EC626AB004FC03E /* LSDataProvider.m */ = {isa = PBXFileReference; fileEncoding = 4; lastKnownFileType = sourcecode.c.objc; path = LSDataProvider.m; sourceTree = "<group>"; };
		12BAD87B6801D51FC37F62FC /* libPods-ShopFetchTests.a */ = {isa = PBXFileReference; explicitFileType = archive.ar; includeInIndex = 0; path = "libPods-ShopFetchTests.a"; sourceTree = BUILT_PRODUCTS_DIR; };
		189910295C54134BCEFBC0F7 /* Pods-ShopFetch.debug.xcconfig */ = {isa = PBXFileReference; includeInIndex = 1; lastKnownFileType = text.xcconfig; name = "Pods-ShopFetch.debug.xcconfig"; path = "Pods/Target Support Files/Pods-ShopFetch/Pods-ShopFetch.debug.xcconfig"; sourceTree = "<group>"; };
		1F0D16041EC61DAB00EAFB58 /* ShopFetch.app */ = {isa = PBXFileReference; explicitFileType = wrapper.application; includeInIndex = 0; path = ShopFetch.app; sourceTree = BUILT_PRODUCTS_DIR; };
		1F0D16081EC61DAB00EAFB58 /* main.m */ = {isa = PBXFileReference; lastKnownFileType = sourcecode.c.objc; path = main.m; sourceTree = "<group>"; };
		1F0D160A1EC61DAB00EAFB58 /* AppDelegate.h */ = {isa = PBXFileReference; lastKnownFileType = sourcecode.c.h; path = AppDelegate.h; sourceTree = "<group>"; };
		1F0D160B1EC61DAB00EAFB58 /* AppDelegate.m */ = {isa = PBXFileReference; lastKnownFileType = sourcecode.c.objc; path = AppDelegate.m; sourceTree = "<group>"; };
		1F0D160D1EC61DAB00EAFB58 /* ViewController.h */ = {isa = PBXFileReference; lastKnownFileType = sourcecode.c.h; path = ViewController.h; sourceTree = "<group>"; };
		1F0D160E1EC61DAB00EAFB58 /* ViewController.m */ = {isa = PBXFileReference; lastKnownFileType = sourcecode.c.objc; path = ViewController.m; sourceTree = "<group>"; };
		1F0D16111EC61DAB00EAFB58 /* Base */ = {isa = PBXFileReference; lastKnownFileType = file.storyboard; name = Base; path = Base.lproj/Main.storyboard; sourceTree = "<group>"; };
		1F0D16131EC61DAB00EAFB58 /* Assets.xcassets */ = {isa = PBXFileReference; lastKnownFileType = folder.assetcatalog; path = Assets.xcassets; sourceTree = "<group>"; };
		1F0D16161EC61DAB00EAFB58 /* Base */ = {isa = PBXFileReference; lastKnownFileType = file.storyboard; name = Base; path = Base.lproj/LaunchScreen.storyboard; sourceTree = "<group>"; };
		1F0D16181EC61DAB00EAFB58 /* Info.plist */ = {isa = PBXFileReference; lastKnownFileType = text.plist.xml; path = Info.plist; sourceTree = "<group>"; };
		1F0D161D1EC61DAB00EAFB58 /* ShopFetchTests.xctest */ = {isa = PBXFileReference; explicitFileType = wrapper.cfbundle; includeInIndex = 0; path = ShopFetchTests.xctest; sourceTree = BUILT_PRODUCTS_DIR; };
		1F0D16211EC61DAB00EAFB58 /* ShopFetchTests.m */ = {isa = PBXFileReference; lastKnownFileType = sourcecode.c.objc; path = ShopFetchTests.m; sourceTree = "<group>"; };
		1F0D16231EC61DAB00EAFB58 /* Info.plist */ = {isa = PBXFileReference; lastKnownFileType = text.plist.xml; path = Info.plist; sourceTree = "<group>"; };
		1F0D16281EC61DAB00EAFB58 /* ShopFetchUITests.xctest */ = {isa = PBXFileReference; explicitFileType = wrapper.cfbundle; includeInIndex = 0; path = ShopFetchUITests.xctest; sourceTree = BUILT_PRODUCTS_DIR; };
		1F0D162C1EC61DAB00EAFB58 /* ShopFetchUITests.m */ = {isa = PBXFileReference; lastKnownFileType = sourcecode.c.objc; path = ShopFetchUITests.m; sourceTree = "<group>"; };
		1F0D162E1EC61DAB00EAFB58 /* Info.plist */ = {isa = PBXFileReference; lastKnownFileType = text.plist.xml; path = Info.plist; sourceTree = "<group>"; };
		1F0D163F1EC61E3B00EAFB58 /* ShopFetch.xcdatamodel */ = {isa = PBXFileReference; lastKnownFileType = wrapper.xcdatamodel; path = ShopFetch.xcdatamodel; sourceTree = "<group>"; };
		1F0D16411EC61F0C00EAFB58 /* LSProductEntity+CoreDataClass.h */ = {isa = PBXFileReference; fileEncoding = 4; lastKnownFileType = sourcecode.c.h; path = "LSProductEntity+CoreDataClass.h"; sourceTree = "<group>"; };
		1F0D16421EC61F0C00EAFB58 /* LSProductEntity+CoreDataClass.m */ = {isa = PBXFileReference; fileEncoding = 4; lastKnownFileType = sourcecode.c.objc; path = "LSProductEntity+CoreDataClass.m"; sourceTree = "<group>"; };
		1F0D16431EC61F0C00EAFB58 /* LSProductEntity+CoreDataProperties.h */ = {isa = PBXFileReference; fileEncoding = 4; lastKnownFileType = sourcecode.c.h; path = "LSProductEntity+CoreDataProperties.h"; sourceTree = "<group>"; };
		1F0D16441EC61F0C00EAFB58 /* LSProductEntity+CoreDataProperties.m */ = {isa = PBXFileReference; fileEncoding = 4; lastKnownFileType = sourcecode.c.objc; path = "LSProductEntity+CoreDataProperties.m"; sourceTree = "<group>"; };
		1F0D16481EC621D400EAFB58 /* LSProductCell.h */ = {isa = PBXFileReference; fileEncoding = 4; lastKnownFileType = sourcecode.c.h; path = LSProductCell.h; sourceTree = "<group>"; };
		1F0D16491EC621D400EAFB58 /* LSProductCell.m */ = {isa = PBXFileReference; fileEncoding = 4; lastKnownFileType = sourcecode.c.objc; path = LSProductCell.m; sourceTree = "<group>"; };
		48603F93B5F251A822ADE399 /* Pods-ShopFetchTests.release.xcconfig */ = {isa = PBXFileReference; includeInIndex = 1; lastKnownFileType = text.xcconfig; name = "Pods-ShopFetchTests.release.xcconfig"; path = "Pods/Target Support Files/Pods-ShopFetchTests/Pods-ShopFetchTests.release.xcconfig"; sourceTree = "<group>"; };
		5DC62C5DF93CB582ED065875 /* Pods-ShopFetch.release.xcconfig */ = {isa = PBXFileReference; includeInIndex = 1; lastKnownFileType = text.xcconfig; name = "Pods-ShopFetch.release.xcconfig"; path = "Pods/Target Support Files/Pods-ShopFetch/Pods-ShopFetch.release.xcconfig"; sourceTree = "<group>"; };
		6EEAE99C74E99C609B7A3755 /* Pods-ShopFetchTests.debug.xcconfig */ = {isa = PBXFileReference; includeInIndex = 1; lastKnownFileType = text.xcconfig; name = "Pods-ShopFetchTests.debug.xcconfig"; path = "Pods/Target Support Files/Pods-ShopFetchTests/Pods-ShopFetchTests.debug.xcconfig"; sourceTree = "<group>"; };
		941EA02389E4C8B5932B74E9 /* Pods-ShopFetchUITests.release.xcconfig */ = {isa = PBXFileReference; includeInIndex = 1; lastKnownFileType = text.xcconfig; name = "Pods-ShopFetchUITests.release.xcconfig"; path = "Pods/Target Support Files/Pods-ShopFetchUITests/Pods-ShopFetchUITests.release.xcconfig"; sourceTree = "<group>"; };
		CF0B92E6F3A5B7F5FA652B1E /* libPods-ShopFetchUITests.a */ = {isa = PBXFileReference; explicitFileType = archive.ar; includeInIndex = 0; path = "libPods-ShopFetchUITests.a"; sourceTree = BUILT_PRODUCTS_DIR; };
		D2F20C16C298E3883BE4513E /* Pods-ShopFetchUITests.debug.xcconfig */ = {isa = PBXFileReference; includeInIndex = 1; lastKnownFileType = text.xcconfig; name = "Pods-ShopFetchUITests.debug.xcconfig"; path = "Pods/Target Support Files/Pods-ShopFetchUITests/Pods-ShopFetchUITests.debug.xcconfig"; sourceTree = "<group>"; };
		FA3AD9CC1EC62802009E80B7 /* apple_iphone_7_plus_128gb_silver.jpg */ = {isa = PBXFileReference; lastKnownFileType = image.jpeg; path = apple_iphone_7_plus_128gb_silver.jpg; sourceTree = "<group>"; };
		FA3AD9CD1EC62802009E80B7 /* huawei_p10.jpg */ = {isa = PBXFileReference; lastKnownFileType = image.jpeg; path = huawei_p10.jpg; sourceTree = "<group>"; };
		FA3AD9CE1EC62803009E80B7 /* leeco_le_max_2_4.jpg */ = {isa = PBXFileReference; lastKnownFileType = image.jpeg; path = leeco_le_max_2_4.jpg; sourceTree = "<group>"; };
		FA3AD9CF1EC62803009E80B7 /* lenovo_pa4.jpg */ = {isa = PBXFileReference; lastKnownFileType = image.jpeg; path = lenovo_pa4.jpg; sourceTree = "<group>"; };
		FA3AD9D01EC62803009E80B7 /* motorola_sm.jpg */ = {isa = PBXFileReference; lastKnownFileType = image.jpeg; path = motorola_sm.jpg; sourceTree = "<group>"; };
		FA3AD9D11EC62803009E80B7 /* motorola_sm4377ad1k7.jpg */ = {isa = PBXFileReference; lastKnownFileType = image.jpeg; path = motorola_sm4377ad1k7.jpg; sourceTree = "<group>"; };
		FA3AD9D21EC62803009E80B7 /* nous_ns_5006_rose_gold.jpg */ = {isa = PBXFileReference; lastKnownFileType = image.jpeg; path = nous_ns_5006_rose_gold.jpg; sourceTree = "<group>"; };
		FA3AD9D31EC62803009E80B7 /* samsung_galaxy_s7_edge_32gb.jpg */ = {isa = PBXFileReference; lastKnownFileType = image.jpeg; path = samsung_galaxy_s7_edge_32gb.jpg; sourceTree = "<group>"; };
		FA3AD9D41EC62803009E80B7 /* sony_xperia_xa_dual_black.jpg */ = {isa = PBXFileReference; lastKnownFileType = image.jpeg; path = sony_xperia_xa_dual_black.jpg; sourceTree = "<group>"; };
		FA3AD9D51EC62803009E80B7 /* zte_axon7_grey_57.jpg */ = {isa = PBXFileReference; lastKnownFileType = image.jpeg; path = zte_axon7_grey_57.jpg; sourceTree = "<group>"; };
/* End PBXFileReference section */

/* Begin PBXFrameworksBuildPhase section */
		1F0D16011EC61DAB00EAFB58 /* Frameworks */ = {
			isa = PBXFrameworksBuildPhase;
			buildActionMask = 2147483647;
			files = (
				142FDD709278509A2092A8C2 /* libPods-ShopFetch.a in Frameworks */,
			);
			runOnlyForDeploymentPostprocessing = 0;
		};
		1F0D161A1EC61DAB00EAFB58 /* Frameworks */ = {
			isa = PBXFrameworksBuildPhase;
			buildActionMask = 2147483647;
			files = (
				660808B12BB789FCE252BFE6 /* libPods-ShopFetchTests.a in Frameworks */,
			);
			runOnlyForDeploymentPostprocessing = 0;
		};
		1F0D16251EC61DAB00EAFB58 /* Frameworks */ = {
			isa = PBXFrameworksBuildPhase;
			buildActionMask = 2147483647;
			files = (
				E243019A3D4F38AF44C32E76 /* libPods-ShopFetchUITests.a in Frameworks */,
			);
			runOnlyForDeploymentPostprocessing = 0;
		};
/* End PBXFrameworksBuildPhase section */

/* Begin PBXGroup section */
		0954E62A1EC62561004FC03E /* DomainModels */ = {
			isa = PBXGroup;
			children = (
				0954E62B1EC62632004FC03E /* LSProduct.h */,
				0954E62C1EC62632004FC03E /* LSProduct.m */,
			);
			name = DomainModels;
			sourceTree = "<group>";
		};
		1F0D15FB1EC61DAB00EAFB58 = {
			isa = PBXGroup;
			children = (
				1F0D16061EC61DAB00EAFB58 /* ShopFetch */,
				1F0D16201EC61DAB00EAFB58 /* ShopFetchTests */,
				1F0D162B1EC61DAB00EAFB58 /* ShopFetchUITests */,
				1F0D16051EC61DAB00EAFB58 /* Products */,
				A793536E7DEE0209C589F2E0 /* Pods */,
				36537461D1F71FD41D9860CE /* Frameworks */,
			);
			sourceTree = "<group>";
		};
		1F0D16051EC61DAB00EAFB58 /* Products */ = {
			isa = PBXGroup;
			children = (
				1F0D16041EC61DAB00EAFB58 /* ShopFetch.app */,
				1F0D161D1EC61DAB00EAFB58 /* ShopFetchTests.xctest */,
				1F0D16281EC61DAB00EAFB58 /* ShopFetchUITests.xctest */,
			);
			name = Products;
			sourceTree = "<group>";
		};
		1F0D16061EC61DAB00EAFB58 /* ShopFetch */ = {
			isa = PBXGroup;
			children = (
				FA3AD9CC1EC62802009E80B7 /* apple_iphone_7_plus_128gb_silver.jpg */,
				FA3AD9CD1EC62802009E80B7 /* huawei_p10.jpg */,
				FA3AD9CE1EC62803009E80B7 /* leeco_le_max_2_4.jpg */,
				FA3AD9CF1EC62803009E80B7 /* lenovo_pa4.jpg */,
				FA3AD9D01EC62803009E80B7 /* motorola_sm.jpg */,
				FA3AD9D11EC62803009E80B7 /* motorola_sm4377ad1k7.jpg */,
				FA3AD9D21EC62803009E80B7 /* nous_ns_5006_rose_gold.jpg */,
				FA3AD9D31EC62803009E80B7 /* samsung_galaxy_s7_edge_32gb.jpg */,
				FA3AD9D41EC62803009E80B7 /* sony_xperia_xa_dual_black.jpg */,
				FA3AD9D51EC62803009E80B7 /* zte_axon7_grey_57.jpg */,
				1F0D16471EC6219C00EAFB58 /* CustomViews */,
				1F0D163B1EC61DE000EAFB58 /* Modules */,
				1F0D163A1EC61DC700EAFB58 /* Models */,
				1F0D163C1EC61DFD00EAFB58 /* App */,
				1F0D16071EC61DAB00EAFB58 /* Supporting Files */,
			);
			path = ShopFetch;
			sourceTree = "<group>";
		};
		1F0D16071EC61DAB00EAFB58 /* Supporting Files */ = {
			isa = PBXGroup;
			children = (
				1F0D16081EC61DAB00EAFB58 /* main.m */,
			);
			name = "Supporting Files";
			sourceTree = "<group>";
		};
		1F0D16201EC61DAB00EAFB58 /* ShopFetchTests */ = {
			isa = PBXGroup;
			children = (
				1F0D16211EC61DAB00EAFB58 /* ShopFetchTests.m */,
				1F0D16231EC61DAB00EAFB58 /* Info.plist */,
			);
			path = ShopFetchTests;
			sourceTree = "<group>";
		};
		1F0D162B1EC61DAB00EAFB58 /* ShopFetchUITests */ = {
			isa = PBXGroup;
			children = (
				1F0D162C1EC61DAB00EAFB58 /* ShopFetchUITests.m */,
				1F0D162E1EC61DAB00EAFB58 /* Info.plist */,
			);
			path = ShopFetchUITests;
			sourceTree = "<group>";
		};
		1F0D163A1EC61DC700EAFB58 /* Models */ = {
			isa = PBXGroup;
			children = (
				0954E62A1EC62561004FC03E /* DomainModels */,
				1F0D163D1EC61E1900EAFB58 /* CoreDataMudels */,
				0954E62E1EC626AB004FC03E /* LSDataProvider.h */,
				0954E62F1EC626AB004FC03E /* LSDataProvider.m */,
			);
			name = Models;
			sourceTree = "<group>";
		};
		1F0D163B1EC61DE000EAFB58 /* Modules */ = {
			isa = PBXGroup;
			children = (
				1F0D160D1EC61DAB00EAFB58 /* ViewController.h */,
				1F0D160E1EC61DAB00EAFB58 /* ViewController.m */,
			);
			name = Modules;
			sourceTree = "<group>";
		};
		1F0D163C1EC61DFD00EAFB58 /* App */ = {
			isa = PBXGroup;
			children = (
				1F0D160A1EC61DAB00EAFB58 /* AppDelegate.h */,
				1F0D160B1EC61DAB00EAFB58 /* AppDelegate.m */,
				1F0D16101EC61DAB00EAFB58 /* Main.storyboard */,
				1F0D16131EC61DAB00EAFB58 /* Assets.xcassets */,
				1F0D16151EC61DAB00EAFB58 /* LaunchScreen.storyboard */,
				1F0D16181EC61DAB00EAFB58 /* Info.plist */,
			);
			name = App;
			sourceTree = "<group>";
		};
		1F0D163D1EC61E1900EAFB58 /* CoreDataMudels */ = {
			isa = PBXGroup;
			children = (
				1F0D16411EC61F0C00EAFB58 /* LSProductEntity+CoreDataClass.h */,
				1F0D16421EC61F0C00EAFB58 /* LSProductEntity+CoreDataClass.m */,
				1F0D16431EC61F0C00EAFB58 /* LSProductEntity+CoreDataProperties.h */,
				1F0D16441EC61F0C00EAFB58 /* LSProductEntity+CoreDataProperties.m */,
				1F0D163E1EC61E3B00EAFB58 /* ShopFetch.xcdatamodeld */,
			);
			name = CoreDataMudels;
			sourceTree = "<group>";
		};
		1F0D16471EC6219C00EAFB58 /* CustomViews */ = {
			isa = PBXGroup;
			children = (
				1F0D16481EC621D400EAFB58 /* LSProductCell.h */,
				1F0D16491EC621D400EAFB58 /* LSProductCell.m */,
			);
			name = CustomViews;
			sourceTree = "<group>";
		};
		36537461D1F71FD41D9860CE /* Frameworks */ = {
			isa = PBXGroup;
			children = (
				086EC6CE6E3A1B46DCD2EA06 /* libPods-ShopFetch.a */,
				12BAD87B6801D51FC37F62FC /* libPods-ShopFetchTests.a */,
				CF0B92E6F3A5B7F5FA652B1E /* libPods-ShopFetchUITests.a */,
			);
			name = Frameworks;
			sourceTree = "<group>";
		};
		A793536E7DEE0209C589F2E0 /* Pods */ = {
			isa = PBXGroup;
			children = (
				189910295C54134BCEFBC0F7 /* Pods-ShopFetch.debug.xcconfig */,
				5DC62C5DF93CB582ED065875 /* Pods-ShopFetch.release.xcconfig */,
				6EEAE99C74E99C609B7A3755 /* Pods-ShopFetchTests.debug.xcconfig */,
				48603F93B5F251A822ADE399 /* Pods-ShopFetchTests.release.xcconfig */,
				D2F20C16C298E3883BE4513E /* Pods-ShopFetchUITests.debug.xcconfig */,
				941EA02389E4C8B5932B74E9 /* Pods-ShopFetchUITests.release.xcconfig */,
			);
			name = Pods;
			sourceTree = "<group>";
		};
/* End PBXGroup section */

/* Begin PBXNativeTarget section */
		1F0D16031EC61DAB00EAFB58 /* ShopFetch */ = {
			isa = PBXNativeTarget;
			buildConfigurationList = 1F0D16311EC61DAB00EAFB58 /* Build configuration list for PBXNativeTarget "ShopFetch" */;
			buildPhases = (
				22A2C892A755E5EA8F3B7A22 /* 📦 Check Pods Manifest.lock */,
				1F0D16001EC61DAB00EAFB58 /* Sources */,
				1F0D16011EC61DAB00EAFB58 /* Frameworks */,
				1F0D16021EC61DAB00EAFB58 /* Resources */,
				0E6DE77F7390C0C573DAB315 /* 📦 Embed Pods Frameworks */,
				C5020E25DE46A87CF245572B /* 📦 Copy Pods Resources */,
			);
			buildRules = (
			);
			dependencies = (
			);
			name = ShopFetch;
			productName = ShopFetch;
			productReference = 1F0D16041EC61DAB00EAFB58 /* ShopFetch.app */;
			productType = "com.apple.product-type.application";
		};
		1F0D161C1EC61DAB00EAFB58 /* ShopFetchTests */ = {
			isa = PBXNativeTarget;
			buildConfigurationList = 1F0D16341EC61DAB00EAFB58 /* Build configuration list for PBXNativeTarget "ShopFetchTests" */;
			buildPhases = (
				C8B2975A5B72D11DAEF058CA /* 📦 Check Pods Manifest.lock */,
				1F0D16191EC61DAB00EAFB58 /* Sources */,
				1F0D161A1EC61DAB00EAFB58 /* Frameworks */,
				1F0D161B1EC61DAB00EAFB58 /* Resources */,
				D0F0AC2D96803B9F962E9F90 /* 📦 Embed Pods Frameworks */,
				69C03A27997403AFFA1DD126 /* 📦 Copy Pods Resources */,
			);
			buildRules = (
			);
			dependencies = (
				1F0D161F1EC61DAB00EAFB58 /* PBXTargetDependency */,
			);
			name = ShopFetchTests;
			productName = ShopFetchTests;
			productReference = 1F0D161D1EC61DAB00EAFB58 /* ShopFetchTests.xctest */;
			productType = "com.apple.product-type.bundle.unit-test";
		};
		1F0D16271EC61DAB00EAFB58 /* ShopFetchUITests */ = {
			isa = PBXNativeTarget;
			buildConfigurationList = 1F0D16371EC61DAB00EAFB58 /* Build configuration list for PBXNativeTarget "ShopFetchUITests" */;
			buildPhases = (
				19B408566A614C9207960F3D /* 📦 Check Pods Manifest.lock */,
				1F0D16241EC61DAB00EAFB58 /* Sources */,
				1F0D16251EC61DAB00EAFB58 /* Frameworks */,
				1F0D16261EC61DAB00EAFB58 /* Resources */,
				FAAFF5F4DF86E022AF93FBB6 /* 📦 Copy Pods Resources */,
			);
			buildRules = (
			);
			dependencies = (
				1F0D162A1EC61DAB00EAFB58 /* PBXTargetDependency */,
			);
			name = ShopFetchUITests;
			productName = ShopFetchUITests;
			productReference = 1F0D16281EC61DAB00EAFB58 /* ShopFetchUITests.xctest */;
			productType = "com.apple.product-type.bundle.ui-testing";
		};
/* End PBXNativeTarget section */

/* Begin PBXProject section */
		1F0D15FC1EC61DAB00EAFB58 /* Project object */ = {
			isa = PBXProject;
			attributes = {
				LastUpgradeCheck = 0820;
				ORGANIZATIONNAME = "Sasha Haidar";
				TargetAttributes = {
					1F0D16031EC61DAB00EAFB58 = {
						CreatedOnToolsVersion = 8.2.1;
						ProvisioningStyle = Automatic;
					};
					1F0D161C1EC61DAB00EAFB58 = {
						CreatedOnToolsVersion = 8.2.1;
						ProvisioningStyle = Automatic;
						TestTargetID = 1F0D16031EC61DAB00EAFB58;
					};
					1F0D16271EC61DAB00EAFB58 = {
						CreatedOnToolsVersion = 8.2.1;
						ProvisioningStyle = Automatic;
						TestTargetID = 1F0D16031EC61DAB00EAFB58;
					};
				};
			};
			buildConfigurationList = 1F0D15FF1EC61DAB00EAFB58 /* Build configuration list for PBXProject "ShopFetch" */;
			compatibilityVersion = "Xcode 3.2";
			developmentRegion = English;
			hasScannedForEncodings = 0;
			knownRegions = (
				en,
				Base,
			);
			mainGroup = 1F0D15FB1EC61DAB00EAFB58;
			productRefGroup = 1F0D16051EC61DAB00EAFB58 /* Products */;
			projectDirPath = "";
			projectRoot = "";
			targets = (
				1F0D16031EC61DAB00EAFB58 /* ShopFetch */,
				1F0D161C1EC61DAB00EAFB58 /* ShopFetchTests */,
				1F0D16271EC61DAB00EAFB58 /* ShopFetchUITests */,
			);
		};
/* End PBXProject section */

/* Begin PBXResourcesBuildPhase section */
		1F0D16021EC61DAB00EAFB58 /* Resources */ = {
			isa = PBXResourcesBuildPhase;
			buildActionMask = 2147483647;
			files = (
				FA3AD9D81EC62803009E80B7 /* leeco_le_max_2_4.jpg in Resources */,
				1F0D16171EC61DAB00EAFB58 /* LaunchScreen.storyboard in Resources */,
				FA3AD9DD1EC62803009E80B7 /* samsung_galaxy_s7_edge_32gb.jpg in Resources */,
				FA3AD9DA1EC62803009E80B7 /* motorola_sm.jpg in Resources */,
				1F0D16141EC61DAB00EAFB58 /* Assets.xcassets in Resources */,
				1F0D16121EC61DAB00EAFB58 /* Main.storyboard in Resources */,
				FA3AD9DF1EC62803009E80B7 /* zte_axon7_grey_57.jpg in Resources */,
				FA3AD9D71EC62803009E80B7 /* huawei_p10.jpg in Resources */,
				FA3AD9DB1EC62803009E80B7 /* motorola_sm4377ad1k7.jpg in Resources */,
				FA3AD9D91EC62803009E80B7 /* lenovo_pa4.jpg in Resources */,
				FA3AD9D61EC62803009E80B7 /* apple_iphone_7_plus_128gb_silver.jpg in Resources */,
				FA3AD9DE1EC62803009E80B7 /* sony_xperia_xa_dual_black.jpg in Resources */,
				FA3AD9DC1EC62803009E80B7 /* nous_ns_5006_rose_gold.jpg in Resources */,
			);
			runOnlyForDeploymentPostprocessing = 0;
		};
		1F0D161B1EC61DAB00EAFB58 /* Resources */ = {
			isa = PBXResourcesBuildPhase;
			buildActionMask = 2147483647;
			files = (
			);
			runOnlyForDeploymentPostprocessing = 0;
		};
		1F0D16261EC61DAB00EAFB58 /* Resources */ = {
			isa = PBXResourcesBuildPhase;
			buildActionMask = 2147483647;
			files = (
			);
			runOnlyForDeploymentPostprocessing = 0;
		};
/* End PBXResourcesBuildPhase section */

/* Begin PBXShellScriptBuildPhase section */
		0E6DE77F7390C0C573DAB315 /* 📦 Embed Pods Frameworks */ = {
			isa = PBXShellScriptBuildPhase;
			buildActionMask = 2147483647;
			files = (
			);
			inputPaths = (
			);
			name = "📦 Embed Pods Frameworks";
			outputPaths = (
			);
			runOnlyForDeploymentPostprocessing = 0;
			shellPath = /bin/sh;
			shellScript = "\"${SRCROOT}/Pods/Target Support Files/Pods-ShopFetch/Pods-ShopFetch-frameworks.sh\"\n";
			showEnvVarsInLog = 0;
		};
		19B408566A614C9207960F3D /* 📦 Check Pods Manifest.lock */ = {
			isa = PBXShellScriptBuildPhase;
			buildActionMask = 2147483647;
			files = (
			);
			inputPaths = (
			);
			name = "📦 Check Pods Manifest.lock";
			outputPaths = (
			);
			runOnlyForDeploymentPostprocessing = 0;
			shellPath = /bin/sh;
			shellScript = "diff \"${PODS_ROOT}/../Podfile.lock\" \"${PODS_ROOT}/Manifest.lock\" > /dev/null\nif [[ $? != 0 ]] ; then\n    cat << EOM\nerror: The sandbox is not in sync with the Podfile.lock. Run 'pod install' or update your CocoaPods installation.\nEOM\n    exit 1\nfi\n";
			showEnvVarsInLog = 0;
		};
		22A2C892A755E5EA8F3B7A22 /* 📦 Check Pods Manifest.lock */ = {
			isa = PBXShellScriptBuildPhase;
			buildActionMask = 2147483647;
			files = (
			);
			inputPaths = (
			);
			name = "📦 Check Pods Manifest.lock";
			outputPaths = (
			);
			runOnlyForDeploymentPostprocessing = 0;
			shellPath = /bin/sh;
			shellScript = "diff \"${PODS_ROOT}/../Podfile.lock\" \"${PODS_ROOT}/Manifest.lock\" > /dev/null\nif [[ $? != 0 ]] ; then\n    cat << EOM\nerror: The sandbox is not in sync with the Podfile.lock. Run 'pod install' or update your CocoaPods installation.\nEOM\n    exit 1\nfi\n";
			showEnvVarsInLog = 0;
		};
		69C03A27997403AFFA1DD126 /* 📦 Copy Pods Resources */ = {
			isa = PBXShellScriptBuildPhase;
			buildActionMask = 2147483647;
			files = (
			);
			inputPaths = (
			);
			name = "📦 Copy Pods Resources";
			outputPaths = (
			);
			runOnlyForDeploymentPostprocessing = 0;
			shellPath = /bin/sh;
			shellScript = "\"${SRCROOT}/Pods/Target Support Files/Pods-ShopFetchTests/Pods-ShopFetchTests-resources.sh\"\n";
			showEnvVarsInLog = 0;
		};
		C5020E25DE46A87CF245572B /* 📦 Copy Pods Resources */ = {
			isa = PBXShellScriptBuildPhase;
			buildActionMask = 2147483647;
			files = (
			);
			inputPaths = (
			);
			name = "📦 Copy Pods Resources";
			outputPaths = (
			);
			runOnlyForDeploymentPostprocessing = 0;
			shellPath = /bin/sh;
			shellScript = "\"${SRCROOT}/Pods/Target Support Files/Pods-ShopFetch/Pods-ShopFetch-resources.sh\"\n";
			showEnvVarsInLog = 0;
		};
		C8B2975A5B72D11DAEF058CA /* 📦 Check Pods Manifest.lock */ = {
			isa = PBXShellScriptBuildPhase;
			buildActionMask = 2147483647;
			files = (
			);
			inputPaths = (
			);
			name = "📦 Check Pods Manifest.lock";
			outputPaths = (
			);
			runOnlyForDeploymentPostprocessing = 0;
			shellPath = /bin/sh;
			shellScript = "diff \"${PODS_ROOT}/../Podfile.lock\" \"${PODS_ROOT}/Manifest.lock\" > /dev/null\nif [[ $? != 0 ]] ; then\n    cat << EOM\nerror: The sandbox is not in sync with the Podfile.lock. Run 'pod install' or update your CocoaPods installation.\nEOM\n    exit 1\nfi\n";
			showEnvVarsInLog = 0;
		};
		D0F0AC2D96803B9F962E9F90 /* 📦 Embed Pods Frameworks */ = {
			isa = PBXShellScriptBuildPhase;
			buildActionMask = 2147483647;
			files = (
			);
			inputPaths = (
			);
			name = "📦 Embed Pods Frameworks";
			outputPaths = (
			);
			runOnlyForDeploymentPostprocessing = 0;
			shellPath = /bin/sh;
			shellScript = "\"${SRCROOT}/Pods/Target Support Files/Pods-ShopFetchTests/Pods-ShopFetchTests-frameworks.sh\"\n";
			showEnvVarsInLog = 0;
		};
		FAAFF5F4DF86E022AF93FBB6 /* 📦 Copy Pods Resources */ = {
			isa = PBXShellScriptBuildPhase;
			buildActionMask = 2147483647;
			files = (
			);
			inputPaths = (
			);
			name = "📦 Copy Pods Resources";
			outputPaths = (
			);
			runOnlyForDeploymentPostprocessing = 0;
			shellPath = /bin/sh;
			shellScript = "\"${SRCROOT}/Pods/Target Support Files/Pods-ShopFetchUITests/Pods-ShopFetchUITests-resources.sh\"\n";
			showEnvVarsInLog = 0;
		};
/* End PBXShellScriptBuildPhase section */

/* Begin PBXSourcesBuildPhase section */
		1F0D16001EC61DAB00EAFB58 /* Sources */ = {
			isa = PBXSourcesBuildPhase;
			buildActionMask = 2147483647;
			files = (
				1F0D16461EC61F0C00EAFB58 /* LSProductEntity+CoreDataProperties.m in Sources */,
				1F0D160F1EC61DAB00EAFB58 /* ViewController.m in Sources */,
				1F0D160C1EC61DAB00EAFB58 /* AppDelegate.m in Sources */,
				1F0D16401EC61E3B00EAFB58 /* ShopFetch.xcdatamodeld in Sources */,
				0954E62D1EC62632004FC03E /* LSProduct.m in Sources */,
				1F0D164A1EC621D400EAFB58 /* LSProductCell.m in Sources */,
				1F0D16091EC61DAB00EAFB58 /* main.m in Sources */,
				0954E6301EC626AB004FC03E /* LSDataProvider.m in Sources */,
			);
			runOnlyForDeploymentPostprocessing = 0;
		};
		1F0D16191EC61DAB00EAFB58 /* Sources */ = {
			isa = PBXSourcesBuildPhase;
			buildActionMask = 2147483647;
			files = (
				1F0D16221EC61DAB00EAFB58 /* ShopFetchTests.m in Sources */,
			);
			runOnlyForDeploymentPostprocessing = 0;
		};
		1F0D16241EC61DAB00EAFB58 /* Sources */ = {
			isa = PBXSourcesBuildPhase;
			buildActionMask = 2147483647;
			files = (
				1F0D162D1EC61DAB00EAFB58 /* ShopFetchUITests.m in Sources */,
			);
			runOnlyForDeploymentPostprocessing = 0;
		};
/* End PBXSourcesBuildPhase section */

/* Begin PBXTargetDependency section */
		1F0D161F1EC61DAB00EAFB58 /* PBXTargetDependency */ = {
			isa = PBXTargetDependency;
			target = 1F0D16031EC61DAB00EAFB58 /* ShopFetch */;
			targetProxy = 1F0D161E1EC61DAB00EAFB58 /* PBXContainerItemProxy */;
		};
		1F0D162A1EC61DAB00EAFB58 /* PBXTargetDependency */ = {
			isa = PBXTargetDependency;
			target = 1F0D16031EC61DAB00EAFB58 /* ShopFetch */;
			targetProxy = 1F0D16291EC61DAB00EAFB58 /* PBXContainerItemProxy */;
		};
/* End PBXTargetDependency section */

/* Begin PBXVariantGroup section */
		1F0D16101EC61DAB00EAFB58 /* Main.storyboard */ = {
			isa = PBXVariantGroup;
			children = (
				1F0D16111EC61DAB00EAFB58 /* Base */,
			);
			name = Main.storyboard;
			sourceTree = "<group>";
		};
		1F0D16151EC61DAB00EAFB58 /* LaunchScreen.storyboard */ = {
			isa = PBXVariantGroup;
			children = (
				1F0D16161EC61DAB00EAFB58 /* Base */,
			);
			name = LaunchScreen.storyboard;
			sourceTree = "<group>";
		};
/* End PBXVariantGroup section */

/* Begin XCBuildConfiguration section */
		1F0D162F1EC61DAB00EAFB58 /* Debug */ = {
			isa = XCBuildConfiguration;
			buildSettings = {
				ALWAYS_SEARCH_USER_PATHS = NO;
				CLANG_ANALYZER_NONNULL = YES;
				CLANG_CXX_LANGUAGE_STANDARD = "gnu++0x";
				CLANG_CXX_LIBRARY = "libc++";
				CLANG_ENABLE_MODULES = YES;
				CLANG_ENABLE_OBJC_ARC = YES;
				CLANG_WARN_BOOL_CONVERSION = YES;
				CLANG_WARN_CONSTANT_CONVERSION = YES;
				CLANG_WARN_DIRECT_OBJC_ISA_USAGE = YES_ERROR;
				CLANG_WARN_DOCUMENTATION_COMMENTS = YES;
				CLANG_WARN_EMPTY_BODY = YES;
				CLANG_WARN_ENUM_CONVERSION = YES;
				CLANG_WARN_INFINITE_RECURSION = YES;
				CLANG_WARN_INT_CONVERSION = YES;
				CLANG_WARN_OBJC_ROOT_CLASS = YES_ERROR;
				CLANG_WARN_SUSPICIOUS_MOVE = YES;
				CLANG_WARN_UNREACHABLE_CODE = YES;
				CLANG_WARN__DUPLICATE_METHOD_MATCH = YES;
				"CODE_SIGN_IDENTITY[sdk=iphoneos*]" = "iPhone Developer";
				COPY_PHASE_STRIP = NO;
				DEBUG_INFORMATION_FORMAT = dwarf;
				ENABLE_STRICT_OBJC_MSGSEND = YES;
				ENABLE_TESTABILITY = YES;
				GCC_C_LANGUAGE_STANDARD = gnu99;
				GCC_DYNAMIC_NO_PIC = NO;
				GCC_NO_COMMON_BLOCKS = YES;
				GCC_OPTIMIZATION_LEVEL = 0;
				GCC_PREPROCESSOR_DEFINITIONS = (
					"DEBUG=1",
					"$(inherited)",
				);
				GCC_WARN_64_TO_32_BIT_CONVERSION = YES;
				GCC_WARN_ABOUT_RETURN_TYPE = YES_ERROR;
				GCC_WARN_UNDECLARED_SELECTOR = YES;
				GCC_WARN_UNINITIALIZED_AUTOS = YES_AGGRESSIVE;
				GCC_WARN_UNUSED_FUNCTION = YES;
				GCC_WARN_UNUSED_VARIABLE = YES;
				IPHONEOS_DEPLOYMENT_TARGET = 10.2;
				MTL_ENABLE_DEBUG_INFO = YES;
				ONLY_ACTIVE_ARCH = YES;
				SDKROOT = iphoneos;
			};
			name = Debug;
		};
		1F0D16301EC61DAB00EAFB58 /* Release */ = {
			isa = XCBuildConfiguration;
			buildSettings = {
				ALWAYS_SEARCH_USER_PATHS = NO;
				CLANG_ANALYZER_NONNULL = YES;
				CLANG_CXX_LANGUAGE_STANDARD = "gnu++0x";
				CLANG_CXX_LIBRARY = "libc++";
				CLANG_ENABLE_MODULES = YES;
				CLANG_ENABLE_OBJC_ARC = YES;
				CLANG_WARN_BOOL_CONVERSION = YES;
				CLANG_WARN_CONSTANT_CONVERSION = YES;
				CLANG_WARN_DIRECT_OBJC_ISA_USAGE = YES_ERROR;
				CLANG_WARN_DOCUMENTATION_COMMENTS = YES;
				CLANG_WARN_EMPTY_BODY = YES;
				CLANG_WARN_ENUM_CONVERSION = YES;
				CLANG_WARN_INFINITE_RECURSION = YES;
				CLANG_WARN_INT_CONVERSION = YES;
				CLANG_WARN_OBJC_ROOT_CLASS = YES_ERROR;
				CLANG_WARN_SUSPICIOUS_MOVE = YES;
				CLANG_WARN_UNREACHABLE_CODE = YES;
				CLANG_WARN__DUPLICATE_METHOD_MATCH = YES;
				"CODE_SIGN_IDENTITY[sdk=iphoneos*]" = "iPhone Developer";
				COPY_PHASE_STRIP = NO;
				DEBUG_INFORMATION_FORMAT = "dwarf-with-dsym";
				ENABLE_NS_ASSERTIONS = NO;
				ENABLE_STRICT_OBJC_MSGSEND = YES;
				GCC_C_LANGUAGE_STANDARD = gnu99;
				GCC_NO_COMMON_BLOCKS = YES;
				GCC_WARN_64_TO_32_BIT_CONVERSION = YES;
				GCC_WARN_ABOUT_RETURN_TYPE = YES_ERROR;
				GCC_WARN_UNDECLARED_SELECTOR = YES;
				GCC_WARN_UNINITIALIZED_AUTOS = YES_AGGRESSIVE;
				GCC_WARN_UNUSED_FUNCTION = YES;
				GCC_WARN_UNUSED_VARIABLE = YES;
				IPHONEOS_DEPLOYMENT_TARGET = 10.2;
				MTL_ENABLE_DEBUG_INFO = NO;
				SDKROOT = iphoneos;
				VALIDATE_PRODUCT = YES;
			};
			name = Release;
		};
		1F0D16321EC61DAB00EAFB58 /* Debug */ = {
			isa = XCBuildConfiguration;
			baseConfigurationReference = 189910295C54134BCEFBC0F7 /* Pods-ShopFetch.debug.xcconfig */;
			buildSettings = {
				ASSETCATALOG_COMPILER_APPICON_NAME = AppIcon;
				INFOPLIST_FILE = ShopFetch/Info.plist;
				LD_RUNPATH_SEARCH_PATHS = "$(inherited) @executable_path/Frameworks";
				PRODUCT_BUNDLE_IDENTIFIER = com.aleksandr.ShopFetch;
				PRODUCT_NAME = "$(TARGET_NAME)";
			};
			name = Debug;
		};
		1F0D16331EC61DAB00EAFB58 /* Release */ = {
			isa = XCBuildConfiguration;
			baseConfigurationReference = 5DC62C5DF93CB582ED065875 /* Pods-ShopFetch.release.xcconfig */;
			buildSettings = {
				ASSETCATALOG_COMPILER_APPICON_NAME = AppIcon;
				INFOPLIST_FILE = ShopFetch/Info.plist;
				LD_RUNPATH_SEARCH_PATHS = "$(inherited) @executable_path/Frameworks";
				PRODUCT_BUNDLE_IDENTIFIER = com.aleksandr.ShopFetch;
				PRODUCT_NAME = "$(TARGET_NAME)";
			};
			name = Release;
		};
		1F0D16351EC61DAB00EAFB58 /* Debug */ = {
			isa = XCBuildConfiguration;
			baseConfigurationReference = 6EEAE99C74E99C609B7A3755 /* Pods-ShopFetchTests.debug.xcconfig */;
			buildSettings = {
				BUNDLE_LOADER = "$(TEST_HOST)";
				INFOPLIST_FILE = ShopFetchTests/Info.plist;
				LD_RUNPATH_SEARCH_PATHS = "$(inherited) @executable_path/Frameworks @loader_path/Frameworks";
				PRODUCT_BUNDLE_IDENTIFIER = com.aleksandr.ShopFetchTests;
				PRODUCT_NAME = "$(TARGET_NAME)";
				TEST_HOST = "$(BUILT_PRODUCTS_DIR)/ShopFetch.app/ShopFetch";
			};
			name = Debug;
		};
		1F0D16361EC61DAB00EAFB58 /* Release */ = {
			isa = XCBuildConfiguration;
			baseConfigurationReference = 48603F93B5F251A822ADE399 /* Pods-ShopFetchTests.release.xcconfig */;
			buildSettings = {
				BUNDLE_LOADER = "$(TEST_HOST)";
				INFOPLIST_FILE = ShopFetchTests/Info.plist;
				LD_RUNPATH_SEARCH_PATHS = "$(inherited) @executable_path/Frameworks @loader_path/Frameworks";
				PRODUCT_BUNDLE_IDENTIFIER = com.aleksandr.ShopFetchTests;
				PRODUCT_NAME = "$(TARGET_NAME)";
				TEST_HOST = "$(BUILT_PRODUCTS_DIR)/ShopFetch.app/ShopFetch";
			};
			name = Release;
		};
		1F0D16381EC61DAB00EAFB58 /* Debug */ = {
			isa = XCBuildConfiguration;
			baseConfigurationReference = D2F20C16C298E3883BE4513E /* Pods-ShopFetchUITests.debug.xcconfig */;
			buildSettings = {
				INFOPLIST_FILE = ShopFetchUITests/Info.plist;
				LD_RUNPATH_SEARCH_PATHS = "$(inherited) @executable_path/Frameworks @loader_path/Frameworks";
				PRODUCT_BUNDLE_IDENTIFIER = com.aleksandr.ShopFetchUITests;
				PRODUCT_NAME = "$(TARGET_NAME)";
				TEST_TARGET_NAME = ShopFetch;
			};
			name = Debug;
		};
		1F0D16391EC61DAB00EAFB58 /* Release */ = {
			isa = XCBuildConfiguration;
			baseConfigurationReference = 941EA02389E4C8B5932B74E9 /* Pods-ShopFetchUITests.release.xcconfig */;
			buildSettings = {
				INFOPLIST_FILE = ShopFetchUITests/Info.plist;
				LD_RUNPATH_SEARCH_PATHS = "$(inherited) @executable_path/Frameworks @loader_path/Frameworks";
				PRODUCT_BUNDLE_IDENTIFIER = com.aleksandr.ShopFetchUITests;
				PRODUCT_NAME = "$(TARGET_NAME)";
				TEST_TARGET_NAME = ShopFetch;
			};
			name = Release;
		};
/* End XCBuildConfiguration section */

/* Begin XCConfigurationList section */
		1F0D15FF1EC61DAB00EAFB58 /* Build configuration list for PBXProject "ShopFetch" */ = {
			isa = XCConfigurationList;
			buildConfigurations = (
				1F0D162F1EC61DAB00EAFB58 /* Debug */,
				1F0D16301EC61DAB00EAFB58 /* Release */,
			);
			defaultConfigurationIsVisible = 0;
			defaultConfigurationName = Release;
		};
		1F0D16311EC61DAB00EAFB58 /* Build configuration list for PBXNativeTarget "ShopFetch" */ = {
			isa = XCConfigurationList;
			buildConfigurations = (
				1F0D16321EC61DAB00EAFB58 /* Debug */,
				1F0D16331EC61DAB00EAFB58 /* Release */,
			);
			defaultConfigurationIsVisible = 0;
			defaultConfigurationName = Release;
		};
		1F0D16341EC61DAB00EAFB58 /* Build configuration list for PBXNativeTarget "ShopFetchTests" */ = {
			isa = XCConfigurationList;
			buildConfigurations = (
				1F0D16351EC61DAB00EAFB58 /* Debug */,
				1F0D16361EC61DAB00EAFB58 /* Release */,
			);
			defaultConfigurationIsVisible = 0;
			defaultConfigurationName = Release;
		};
		1F0D16371EC61DAB00EAFB58 /* Build configuration list for PBXNativeTarget "ShopFetchUITests" */ = {
			isa = XCConfigurationList;
			buildConfigurations = (
				1F0D16381EC61DAB00EAFB58 /* Debug */,
				1F0D16391EC61DAB00EAFB58 /* Release */,
			);
			defaultConfigurationIsVisible = 0;
			defaultConfigurationName = Release;
		};
/* End XCConfigurationList section */

/* Begin XCVersionGroup section */
		1F0D163E1EC61E3B00EAFB58 /* ShopFetch.xcdatamodeld */ = {
			isa = XCVersionGroup;
			children = (
				1F0D163F1EC61E3B00EAFB58 /* ShopFetch.xcdatamodel */,
			);
			currentVersion = 1F0D163F1EC61E3B00EAFB58 /* ShopFetch.xcdatamodel */;
			path = ShopFetch.xcdatamodeld;
			sourceTree = "<group>";
			versionGroupType = wrapper.xcdatamodel;
		};
/* End XCVersionGroup section */
	};
	rootObject = 1F0D15FC1EC61DAB00EAFB58 /* Project object */;
}
